github.com/AlexEidt/Vidio v1.0.0 h1:skmbAurzDeeg8TRkCqpGd9TXCvHUQGO2UbLdF6NSFbI=
github.com/AlexEidt/Vidio v1.0.0/go.mod h1:djhIMnWMqPrC3X6nB6ymGX6uWWlgw+VayYGKE1bNwmI=
github.com/AlexEidt/Vidio v1.0.1 h1:OL4RScTBgv2u/mnrINYmcYzVqV+BAlqFBTOoDHcdPd8=
github.com/AlexEidt/Vidio v1.0.1/go.mod h1:djhIMnWMqPrC3X6nB6ymGX6uWWlgw+VayYGKE1bNwmI=
